
Microsoft Visual Studio Solution File, Format Version 12.00
# Visual Studio Version 17
VisualStudioVersion = 17.0.31903.59
MinimumVisualStudioVersion = 10.0.40219.1
Project("{FAE04EC0-301F-11D3-BF4B-00C04F79EFBC}") = "ListApplication", "ListApplication\ListApplication.csproj", "{ABF02B48-F69E-4F68-BFDF-99C112AB62DA}"
EndProject
Project("{FAE04EC0-301F-11D3-BF4B-00C04F79EFBC}") = "ListTest", "ListTest\ListTest.csproj", "{AD9CF49D-F9B6-41B3-B1D9-A50F5D5451C4}"
EndProject
Global
	GlobalSection(SolutionConfigurationPlatforms) = preSolution
		Debug|Any CPU = Debug|Any CPU
		Release|Any CPU = Release|Any CPU
	EndGlobalSection
	GlobalSection(SolutionProperties) = preSolution
		HideSolutionNode = FALSE
	EndGlobalSection
	GlobalSection(ProjectConfigurationPlatforms) = postSolution
		{ABF02B48-F69E-4F68-BFDF-99C112AB62DA}.Debug|Any CPU.ActiveCfg = Debug|Any CPU
		{ABF02B48-F69E-4F68-BFDF-99C112AB62DA}.Debug|Any CPU.Build.0 = Debug|Any CPU
		{ABF02B48-F69E-4F68-BFDF-99C112AB62DA}.Release|Any CPU.ActiveCfg = Release|Any CPU
		{ABF02B48-F69E-4F68-BFDF-99C112AB62DA}.Release|Any CPU.Build.0 = Release|Any CPU
		{AD9CF49D-F9B6-41B3-B1D9-A50F5D5451C4}.Debug|Any CPU.ActiveCfg = Debug|Any CPU
		{AD9CF49D-F9B6-41B3-B1D9-A50F5D5451C4}.Debug|Any CPU.Build.0 = Debug|Any CPU
		{AD9CF49D-F9B6-41B3-B1D9-A50F5D5451C4}.Release|Any CPU.ActiveCfg = Release|Any CPU
		{AD9CF49D-F9B6-41B3-B1D9-A50F5D5451C4}.Release|Any CPU.Build.0 = Release|Any CPU
	EndGlobalSection
EndGlobal
